{
  "name": "proxyftmstoant",
  "version": "0.0.1",
  "lockfileVersion": 3,
  "requires": true,
  "packages": {
    "": {
      "name": "proxyftmstoant",
      "version": "0.0.1",
      "license": "ISC",
      "dependencies": {
        "noble": "^1.9.1"
      },
      "devDependencies": {
        "@types/noble": "^0.0.44",
        "@types/node": "^22.5.5"
      }
    },
    "node_modules/@types/noble": {
      "version": "0.0.44",
      "resolved": "https://registry.npmjs.org/@types/noble/-/noble-0.0.44.tgz",
      "integrity": "sha512-1b81FzYDtMSMdFCVcO6jAHrq7XCC5LuZcWHgIo8SjZpKlduNR7ID/TqRjP2ONCuHMxEbS7PRn9pttpN7hLwrUQ==",
      "dev": true,
      "license": "MIT",
      "dependencies": {
        "@types/node": "*"
      }
    },
    "node_modules/@types/node": {
      "version": "22.5.5",
      "resolved": "https://registry.npmjs.org/@types/node/-/node-22.5.5.tgz",
      "integrity": "sha512-Xjs4y5UPO/CLdzpgR6GirZJx36yScjh73+2NlLlkFRSoQN8B0DpfXPdZGnvVmLRLOsqDpOfTNv7D9trgGhmOIA==",
      "dev": true,
      "license": "MIT",
      "dependencies": {
        "undici-types": "~6.19.2"
      }
    },
    "node_modules/bluetooth-hci-socket": {
      "version": "0.5.1",
      "resolved": "https://registry.npmjs.org/bluetooth-hci-socket/-/bluetooth-hci-socket-0.5.1.tgz",
      "integrity": "sha512-5/cPO2R+X4UXLudZOevREf3kwyCNCVovA9rcXk5smBgx+q/sIucfkC6F57+xWR5X17bY931w6bB2EUaPh9ArfQ==",
      "hasInstallScript": true,
      "license": "MIT",
      "optional": true,
      "os": [
        "linux",
        "android",
        "win32"
      ],
      "dependencies": {
        "debug": "^2.2.0",
        "nan": "^2.0.5"
      },
      "optionalDependencies": {
        "usb": "^1.1.0"
      }
    },
    "node_modules/bplist-parser": {
      "version": "0.0.6",
      "resolved": "https://registry.npmjs.org/bplist-parser/-/bplist-parser-0.0.6.tgz",
      "integrity": "sha512-fGeghPEH4Eytvf+Mi446aKcDqvkA/+eh6r7QGiZWMQG6TzqrnsToLP379XFfqRSZ41+676hhGIm++maNST1Apw==",
      "license": "MIT",
      "optional": true
    },
    "node_modules/debug": {
      "version": "2.2.0",
      "resolved": "https://registry.npmjs.org/debug/-/debug-2.2.0.tgz",
      "integrity": "sha512-X0rGvJcskG1c3TgSCPqHJ0XJgwlcvOC7elJ5Y0hYuKBZoVqWpAMfLOeIh2UI/DCQ5ruodIjvsugZtjUYUw2pUw==",
      "license": "MIT",
      "dependencies": {
        "ms": "0.7.1"
      }
    },
    "node_modules/ms": {
      "version": "0.7.1",
      "resolved": "https://registry.npmjs.org/ms/-/ms-0.7.1.tgz",
      "integrity": "sha512-lRLiIR9fSNpnP6TC4v8+4OU7oStC01esuNowdQ34L+Gk8e5Puoc88IqJ+XAY/B3Mn2ZKis8l8HX90oU8ivzUHg=="
    },
    "node_modules/nan": {
      "version": "2.20.0",
      "resolved": "https://registry.npmjs.org/nan/-/nan-2.20.0.tgz",
      "integrity": "sha512-bk3gXBZDGILuuo/6sKtr0DQmSThYHLtNCdSdXk9YkxD/jK6X2vmCyyXBBxyqZ4XcnzTyYEAThfX3DCEnLf6igw==",
      "license": "MIT",
      "optional": true
    },
    "node_modules/noble": {
      "version": "1.9.1",
      "resolved": "https://registry.npmjs.org/noble/-/noble-1.9.1.tgz",
      "integrity": "sha512-5sbPLvCh1zJqy5caq+oQQE9eYoXB/ePweLWuN8UeapWO6KgFu4SS0VeLmYc23HTfWAXKb/ey6rtEvHwn9aY5Iw==",
      "license": "MIT",
      "os": [
        "darwin",
        "linux",
        "freebsd",
        "win32"
      ],
      "dependencies": {
        "debug": "~2.2.0"
      },
      "engines": {
        "node": ">=0.8"
      },
      "optionalDependencies": {
        "bluetooth-hci-socket": "^0.5.1",
        "bplist-parser": "0.0.6",
        "xpc-connection": "~0.1.4"
      }
    },
    "node_modules/node-addon-api": {
      "version": "4.3.0",
      "resolved": "https://registry.npmjs.org/node-addon-api/-/node-addon-api-4.3.0.tgz",
      "integrity": "sha512-73sE9+3UaLYYFmDsFZnqCInzPyh3MqIwZO9cw58yIqAZhONrrabrYyYe3TuIqtIiOuTXVhsGau8hcrhhwSsDIQ==",
      "license": "MIT",
      "optional": true
    },
    "node_modules/node-gyp-build": {
      "version": "4.8.2",
      "resolved": "https://registry.npmjs.org/node-gyp-build/-/node-gyp-build-4.8.2.tgz",
      "integrity": "sha512-IRUxE4BVsHWXkV/SFOut4qTlagw2aM8T5/vnTsmrHJvVoKueJHRc/JaFND7QDDc61kLYUJ6qlZM3sqTSyx2dTw==",
      "license": "MIT",
      "optional": true,
      "bin": {
        "node-gyp-build": "bin.js",
        "node-gyp-build-optional": "optional.js",
        "node-gyp-build-test": "build-test.js"
      }
    },
    "node_modules/undici-types": {
      "version": "6.19.8",
      "resolved": "https://registry.npmjs.org/undici-types/-/undici-types-6.19.8.tgz",
      "integrity": "sha512-ve2KP6f/JnbPBFyobGHuerC9g1FYGn/F8n1LWTwNxCEzd6IfqTwUQcNXgEtmmQ6DlRrC1hrSrBnCZPokRrDHjw==",
      "dev": true,
      "license": "MIT"
    },
    "node_modules/usb": {
      "version": "1.9.2",
      "resolved": "https://registry.npmjs.org/usb/-/usb-1.9.2.tgz",
      "integrity": "sha512-dryNz030LWBPAf6gj8vyq0Iev3vPbCLHCT8dBw3gQRXRzVNsIdeuU+VjPp3ksmSPkeMAl1k+kQ14Ij0QHyeiAg==",
      "hasInstallScript": true,
      "license": "MIT",
      "optional": true,
      "dependencies": {
        "node-addon-api": "^4.2.0",
        "node-gyp-build": "^4.3.0"
      },
      "engines": {
        "node": ">=10.16.0"
      }
    },
    "node_modules/xpc-connection": {
      "version": "0.1.4",
      "resolved": "https://registry.npmjs.org/xpc-connection/-/xpc-connection-0.1.4.tgz",
      "integrity": "sha512-Np4+cx5l9zhSNrH5O5niVqVT0vBnja4IG5CxuBgCvTdWGiyujRwUTSj/FtT66KX84/MMCKpt5wIcuORBMFT6qQ==",
      "hasInstallScript": true,
      "license": "MIT",
      "optional": true,
      "os": [
        "darwin"
      ],
      "dependencies": {
        "nan": "^2.0.5"
      },
      "engines": {
        "node": ">=0.8"
      }
    }
  }
}
